// !$*UTF8*$!
{
	archiveVersion = 1;
	classes = {
	};
	objectVersion = 51;
	objects = {

/* Begin PBXBuildFile section */
		47411BF123CF76B700967678 /* CategoryTableViewController.swift in Sources */ = {isa = PBXBuildFile; fileRef = 47411BF023CF76B700967678 /* CategoryTableViewController.swift */; };
		4747921D23BFB92F00BA1A44 /* AppDelegate.swift in Sources */ = {isa = PBXBuildFile; fileRef = 4747921C23BFB92F00BA1A44 /* AppDelegate.swift */; };
		4747921F23BFB92F00BA1A44 /* SceneDelegate.swift in Sources */ = {isa = PBXBuildFile; fileRef = 4747921E23BFB92F00BA1A44 /* SceneDelegate.swift */; };
		4747922123BFB92F00BA1A44 /* TodoListViewController.swift in Sources */ = {isa = PBXBuildFile; fileRef = 4747922023BFB92F00BA1A44 /* TodoListViewController.swift */; };
		4747922423BFB92F00BA1A44 /* Main.storyboard in Resources */ = {isa = PBXBuildFile; fileRef = 4747922223BFB92F00BA1A44 /* Main.storyboard */; };
		4747922623BFB93000BA1A44 /* Assets.xcassets in Resources */ = {isa = PBXBuildFile; fileRef = 4747922523BFB93000BA1A44 /* Assets.xcassets */; };
		4747922923BFB93000BA1A44 /* LaunchScreen.storyboard in Resources */ = {isa = PBXBuildFile; fileRef = 4747922723BFB93000BA1A44 /* LaunchScreen.storyboard */; };
		47884A8C23D373360052988E /* Item.swift in Sources */ = {isa = PBXBuildFile; fileRef = 47884A8B23D373360052988E /* Item.swift */; };
		47884A8E23D373460052988E /* Category.swift in Sources */ = {isa = PBXBuildFile; fileRef = 47884A8D23D373460052988E /* Category.swift */; };
		D3E7A2EFE0B7C01D5353233C /* Pods_Todoey.framework in Frameworks */ = {isa = PBXBuildFile; fileRef = 667D344D70161C077A85E42F /* Pods_Todoey.framework */; };
/* End PBXBuildFile section */

/* Begin PBXFileReference section */
		47411BF023CF76B700967678 /* CategoryTableViewController.swift */ = {isa = PBXFileReference; lastKnownFileType = sourcecode.swift; path = CategoryTableViewController.swift; sourceTree = "<group>"; };
		4747921923BFB92F00BA1A44 /* Todoey.app */ = {isa = PBXFileReference; explicitFileType = wrapper.application; includeInIndex = 0; path = Todoey.app; sourceTree = BUILT_PRODUCTS_DIR; };
		4747921C23BFB92F00BA1A44 /* AppDelegate.swift */ = {isa = PBXFileReference; lastKnownFileType = sourcecode.swift; path = AppDelegate.swift; sourceTree = "<group>"; };
		4747921E23BFB92F00BA1A44 /* SceneDelegate.swift */ = {isa = PBXFileReference; lastKnownFileType = sourcecode.swift; path = SceneDelegate.swift; sourceTree = "<group>"; };
		4747922023BFB92F00BA1A44 /* TodoListViewController.swift */ = {isa = PBXFileReference; lastKnownFileType = sourcecode.swift; path = TodoListViewController.swift; sourceTree = "<group>"; };
		4747922323BFB92F00BA1A44 /* Base */ = {isa = PBXFileReference; lastKnownFileType = file.storyboard; name = Base; path = Base.lproj/Main.storyboard; sourceTree = "<group>"; };
		4747922523BFB93000BA1A44 /* Assets.xcassets */ = {isa = PBXFileReference; lastKnownFileType = folder.assetcatalog; path = Assets.xcassets; sourceTree = "<group>"; };
		4747922823BFB93000BA1A44 /* Base */ = {isa = PBXFileReference; lastKnownFileType = file.storyboard; name = Base; path = Base.lproj/LaunchScreen.storyboard; sourceTree = "<group>"; };
		4747922A23BFB93000BA1A44 /* Info.plist */ = {isa = PBXFileReference; lastKnownFileType = text.plist.xml; path = Info.plist; sourceTree = "<group>"; };
		47884A8B23D373360052988E /* Item.swift */ = {isa = PBXFileReference; lastKnownFileType = sourcecode.swift; path = Item.swift; sourceTree = "<group>"; };
		47884A8D23D373460052988E /* Category.swift */ = {isa = PBXFileReference; lastKnownFileType = sourcecode.swift; path = Category.swift; sourceTree = "<group>"; };
		667D344D70161C077A85E42F /* Pods_Todoey.framework */ = {isa = PBXFileReference; explicitFileType = wrapper.framework; includeInIndex = 0; path = Pods_Todoey.framework; sourceTree = BUILT_PRODUCTS_DIR; };
		A7FA5FBEB71E422C6EC7ED5F /* Pods-Todoey.debug.xcconfig */ = {isa = PBXFileReference; includeInIndex = 1; lastKnownFileType = text.xcconfig; name = "Pods-Todoey.debug.xcconfig"; path = "Target Support Files/Pods-Todoey/Pods-Todoey.debug.xcconfig"; sourceTree = "<group>"; };
		BEAB8E57BC452EA04B514E25 /* Pods-Todoey.release.xcconfig */ = {isa = PBXFileReference; includeInIndex = 1; lastKnownFileType = text.xcconfig; name = "Pods-Todoey.release.xcconfig"; path = "Target Support Files/Pods-Todoey/Pods-Todoey.release.xcconfig"; sourceTree = "<group>"; };
/* End PBXFileReference section */

/* Begin PBXFrameworksBuildPhase section */
		4747921623BFB92F00BA1A44 /* Frameworks */ = {
			isa = PBXFrameworksBuildPhase;
			buildActionMask = 2147483647;
			files = (
				D3E7A2EFE0B7C01D5353233C /* Pods_Todoey.framework in Frameworks */,
			);
			runOnlyForDeploymentPostprocessing = 0;
		};
/* End PBXFrameworksBuildPhase section */

/* Begin PBXGroup section */
		39DCADD96F853CC0000E1539 /* Pods */ = {
			isa = PBXGroup;
			children = (
				A7FA5FBEB71E422C6EC7ED5F /* Pods-Todoey.debug.xcconfig */,
				BEAB8E57BC452EA04B514E25 /* Pods-Todoey.release.xcconfig */,
			);
			path = Pods;
			sourceTree = "<group>";
		};
		473ED04E23C10D5B0099E8A1 /* Controller */ = {
			isa = PBXGroup;
			children = (
				47411BF023CF76B700967678 /* CategoryTableViewController.swift */,
				4747922023BFB92F00BA1A44 /* TodoListViewController.swift */,
			);
			path = Controller;
			sourceTree = "<group>";
		};
		473ED04F23C10D690099E8A1 /* Model */ = {
			isa = PBXGroup;
			children = (
				47884A8B23D373360052988E /* Item.swift */,
				47884A8D23D373460052988E /* Category.swift */,
			);
			path = Model;
			sourceTree = "<group>";
		};
		473ED05023C10D890099E8A1 /* View */ = {
			isa = PBXGroup;
			children = (
			);
			path = View;
			sourceTree = "<group>";
		};
		473ED05123C10DCD0099E8A1 /* Supporting File */ = {
			isa = PBXGroup;
			children = (
				4747922523BFB93000BA1A44 /* Assets.xcassets */,
				4747922723BFB93000BA1A44 /* LaunchScreen.storyboard */,
			);
			path = "Supporting File";
			sourceTree = "<group>";
		};
		4747921023BFB92F00BA1A44 = {
			isa = PBXGroup;
			children = (
				4747921B23BFB92F00BA1A44 /* Todoey */,
				4747921A23BFB92F00BA1A44 /* Products */,
				39DCADD96F853CC0000E1539 /* Pods */,
				7EEF57624731FD288FF78DC1 /* Frameworks */,
			);
			sourceTree = "<group>";
		};
		4747921A23BFB92F00BA1A44 /* Products */ = {
			isa = PBXGroup;
			children = (
				4747921923BFB92F00BA1A44 /* Todoey.app */,
			);
			name = Products;
			sourceTree = "<group>";
		};
		4747921B23BFB92F00BA1A44 /* Todoey */ = {
			isa = PBXGroup;
			children = (
				473ED05023C10D890099E8A1 /* View */,
				473ED04F23C10D690099E8A1 /* Model */,
				4747921C23BFB92F00BA1A44 /* AppDelegate.swift */,
				4747921E23BFB92F00BA1A44 /* SceneDelegate.swift */,
				473ED04E23C10D5B0099E8A1 /* Controller */,
				4747922223BFB92F00BA1A44 /* Main.storyboard */,
				473ED05123C10DCD0099E8A1 /* Supporting File */,
				4747922A23BFB93000BA1A44 /* Info.plist */,
			);
			path = Todoey;
			sourceTree = "<group>";
		};
		7EEF57624731FD288FF78DC1 /* Frameworks */ = {
			isa = PBXGroup;
			children = (
				667D344D70161C077A85E42F /* Pods_Todoey.framework */,
			);
			name = Frameworks;
			sourceTree = "<group>";
		};
/* End PBXGroup section */

/* Begin PBXNativeTarget section */
		4747921823BFB92F00BA1A44 /* Todoey */ = {
			isa = PBXNativeTarget;
			buildConfigurationList = 4747922D23BFB93000BA1A44 /* Build configuration list for PBXNativeTarget "Todoey" */;
			buildPhases = (
				043DEA595D869657F31C5670 /* [CP] Check Pods Manifest.lock */,
				4747921523BFB92F00BA1A44 /* Sources */,
				4747921623BFB92F00BA1A44 /* Frameworks */,
				4747921723BFB92F00BA1A44 /* Resources */,
				A22EE770952789E62B893B71 /* [CP] Embed Pods Frameworks */,
			);
			buildRules = (
			);
			dependencies = (
			);
			name = Todoey;
			productName = Todoey;
			productReference = 4747921923BFB92F00BA1A44 /* Todoey.app */;
			productType = "com.apple.product-type.application";
		};
/* End PBXNativeTarget section */

/* Begin PBXProject section */
		4747921123BFB92F00BA1A44 /* Project object */ = {
			isa = PBXProject;
			attributes = {
				LastSwiftUpdateCheck = 1110;
				LastUpgradeCheck = 1110;
				ORGANIZATIONNAME = "Atik Ul Islam";
				TargetAttributes = {
					4747921823BFB92F00BA1A44 = {
						CreatedOnToolsVersion = 11.1;
					};
				};
			};
			buildConfigurationList = 4747921423BFB92F00BA1A44 /* Build configuration list for PBXProject "Todoey" */;
			compatibilityVersion = "Xcode 9.3";
			developmentRegion = en;
			hasScannedForEncodings = 0;
			knownRegions = (
				en,
				Base,
			);
			mainGroup = 4747921023BFB92F00BA1A44;
			productRefGroup = 4747921A23BFB92F00BA1A44 /* Products */;
			projectDirPath = "";
			projectRoot = "";
			targets = (
				4747921823BFB92F00BA1A44 /* Todoey */,
			);
		};
/* End PBXProject section */

/* Begin PBXResourcesBuildPhase section */
		4747921723BFB92F00BA1A44 /* Resources */ = {
			isa = PBXResourcesBuildPhase;
			buildActionMask = 2147483647;
			files = (
				4747922923BFB93000BA1A44 /* LaunchScreen.storyboard in Resources */,
				4747922623BFB93000BA1A44 /* Assets.xcassets in Resources */,
				4747922423BFB92F00BA1A44 /* Main.storyboard in Resources */,
			);
			runOnlyForDeploymentPostprocessing = 0;
		};
/* End PBXResourcesBuildPhase section */

/* Begin PBXShellScriptBuildPhase section */
		043DEA595D869657F31C5670 /* [CP] Check Pods Manifest.lock */ = {
			isa = PBXShellScriptBuildPhase;
			buildActionMask = 2147483647;
			files = (
			);
			inputFileListPaths = (
			);
			inputPaths = (
				"${PODS_PODFILE_DIR_PATH}/Podfile.lock",
				"${PODS_ROOT}/Manifest.lock",
			);
			name = "[CP] Check Pods Manifest.lock";
			outputFileListPaths = (
			);
			outputPaths = (
				"$(DERIVED_FILE_DIR)/Pods-Todoey-checkManifestLockResult.txt",
			);
			runOnlyForDeploymentPostprocessing = 0;
			shellPath = /bin/sh;
			shellScript = "diff \"${PODS_PODFILE_DIR_PATH}/Podfile.lock\" \"${PODS_ROOT}/Manifest.lock\" > /dev/null\nif [ $? != 0 ] ; then\n    # print error to STDERR\n    echo \"error: The sandbox is not in sync with the Podfile.lock. Run 'pod install' or update your CocoaPods installation.\" >&2\n    exit 1\nfi\n# This output is used by Xcode 'outputs' to avoid re-running this script phase.\necho \"SUCCESS\" > \"${SCRIPT_OUTPUT_FILE_0}\"\n";
			showEnvVarsInLog = 0;
		};
		A22EE770952789E62B893B71 /* [CP] Embed Pods Frameworks */ = {
			isa = PBXShellScriptBuildPhase;
			buildActionMask = 2147483647;
			files = (
			);
			inputFileListPaths = (
				"${PODS_ROOT}/Target Support Files/Pods-Todoey/Pods-Todoey-frameworks-${CONFIGURATION}-input-files.xcfilelist",
			);
			name = "[CP] Embed Pods Frameworks";
			outputFileListPaths = (
				"${PODS_ROOT}/Target Support Files/Pods-Todoey/Pods-Todoey-frameworks-${CONFIGURATION}-output-files.xcfilelist",
			);
			runOnlyForDeploymentPostprocessing = 0;
			shellPath = /bin/sh;
			shellScript = "\"${PODS_ROOT}/Target Support Files/Pods-Todoey/Pods-Todoey-frameworks.sh\"\n";
			showEnvVarsInLog = 0;
		};
/* End PBXShellScriptBuildPhase section */

/* Begin PBXSourcesBuildPhase section */
		4747921523BFB92F00BA1A44 /* Sources */ = {
			isa = PBXSourcesBuildPhase;
			buildActionMask = 2147483647;
			files = (
				4747922123BFB92F00BA1A44 /* TodoListViewController.swift in Sources */,
				47411BF123CF76B700967678 /* CategoryTableViewController.swift in Sources */,
				4747921D23BFB92F00BA1A44 /* AppDelegate.swift in Sources */,
				47884A8C23D373360052988E /* Item.swift in Sources */,
				4747921F23BFB92F00BA1A44 /* SceneDelegate.swift in Sources */,
				47884A8E23D373460052988E /* Category.swift in Sources */,
			);
			runOnlyForDeploymentPostprocessing = 0;
		};
/* End PBXSourcesBuildPhase section */

/* Begin PBXVariantGroup section */
		4747922223BFB92F00BA1A44 /* Main.storyboard */ = {
			isa = PBXVariantGroup;
			children = (
				4747922323BFB92F00BA1A44 /* Base */,
			);
			name = Main.storyboard;
			sourceTree = "<group>";
		};
		4747922723BFB93000BA1A44 /* LaunchScreen.storyboard */ = {
			isa = PBXVariantGroup;
			children = (
				4747922823BFB93000BA1A44 /* Base */,
			);
			name = LaunchScreen.storyboard;
			sourceTree = "<group>";
		};
/* End PBXVariantGroup section */

/* Begin XCBuildConfiguration section */
		4747922B23BFB93000BA1A44 /* Debug */ = {
			isa = XCBuildConfiguration;
			buildSettings = {
				ALWAYS_SEARCH_USER_PATHS = NO;
				CLANG_ANALYZER_NONNULL = YES;
				CLANG_ANALYZER_NUMBER_OBJECT_CONVERSION = YES_AGGRESSIVE;
				CLANG_CXX_LANGUAGE_STANDARD = "gnu++14";
				CLANG_CXX_LIBRARY = "libc++";
				CLANG_ENABLE_MODULES = YES;
				CLANG_ENABLE_OBJC_ARC = YES;
				CLANG_ENABLE_OBJC_WEAK = YES;
				CLANG_WARN_BLOCK_CAPTURE_AUTORELEASING = YES;
				CLANG_WARN_BOOL_CONVERSION = YES;
				CLANG_WARN_COMMA = YES;
				CLANG_WARN_CONSTANT_CONVERSION = YES;
				CLANG_WARN_DEPRECATED_OBJC_IMPLEMENTATIONS = YES;
				CLANG_WARN_DIRECT_OBJC_ISA_USAGE = YES_ERROR;
				CLANG_WARN_DOCUMENTATION_COMMENTS = YES;
				CLANG_WARN_EMPTY_BODY = YES;
				CLANG_WARN_ENUM_CONVERSION = YES;
				CLANG_WARN_INFINITE_RECURSION = YES;
				CLANG_WARN_INT_CONVERSION = YES;
				CLANG_WARN_NON_LITERAL_NULL_CONVERSION = YES;
				CLANG_WARN_OBJC_IMPLICIT_RETAIN_SELF = YES;
				CLANG_WARN_OBJC_LITERAL_CONVERSION = YES;
				CLANG_WARN_OBJC_ROOT_CLASS = YES_ERROR;
				CLANG_WARN_RANGE_LOOP_ANALYSIS = YES;
				CLANG_WARN_STRICT_PROTOTYPES = YES;
				CLANG_WARN_SUSPICIOUS_MOVE = YES;
				CLANG_WARN_UNGUARDED_AVAILABILITY = YES_AGGRESSIVE;
				CLANG_WARN_UNREACHABLE_CODE = YES;
				CLANG_WARN__DUPLICATE_METHOD_MATCH = YES;
				COPY_PHASE_STRIP = NO;
				DEBUG_INFORMATION_FORMAT = dwarf;
				ENABLE_STRICT_OBJC_MSGSEND = YES;
				ENABLE_TESTABILITY = YES;
				GCC_C_LANGUAGE_STANDARD = gnu11;
				GCC_DYNAMIC_NO_PIC = NO;
				GCC_NO_COMMON_BLOCKS = YES;
				GCC_OPTIMIZATION_LEVEL = 0;
				GCC_PREPROCESSOR_DEFINITIONS = (
					"DEBUG=1",
					"$(inherited)",
				);
				GCC_WARN_64_TO_32_BIT_CONVERSION = YES;
				GCC_WARN_ABOUT_RETURN_TYPE = YES_ERROR;
				GCC_WARN_UNDECLARED_SELECTOR = YES;
				GCC_WARN_UNINITIALIZED_AUTOS = YES_AGGRESSIVE;
				GCC_WARN_UNUSED_FUNCTION = YES;
				GCC_WARN_UNUSED_VARIABLE = YES;
				IPHONEOS_DEPLOYMENT_TARGET = 13.1;
				MTL_ENABLE_DEBUG_INFO = INCLUDE_SOURCE;
				MTL_FAST_MATH = YES;
				ONLY_ACTIVE_ARCH = YES;
				SDKROOT = iphoneos;
				SWIFT_ACTIVE_COMPILATION_CONDITIONS = DEBUG;
				SWIFT_OPTIMIZATION_LEVEL = "-Onone";
			};
			name = Debug;
		};
		4747922C23BFB93000BA1A44 /* Release */ = {
			isa = XCBuildConfiguration;
			buildSettings = {
				ALWAYS_SEARCH_USER_PATHS = NO;
				CLANG_ANALYZER_NONNULL = YES;
				CLANG_ANALYZER_NUMBER_OBJECT_CONVERSION = YES_AGGRESSIVE;
				CLANG_CXX_LANGUAGE_STANDARD = "gnu++14";
				CLANG_CXX_LIBRARY = "libc++";
				CLANG_ENABLE_MODULES = YES;
				CLANG_ENABLE_OBJC_ARC = YES;
				CLANG_ENABLE_OBJC_WEAK = YES;
				CLANG_WARN_BLOCK_CAPTURE_AUTORELEASING = YES;
				CLANG_WARN_BOOL_CONVERSION = YES;
				CLANG_WARN_COMMA = YES;
				CLANG_WARN_CONSTANT_CONVERSION = YES;
				CLANG_WARN_DEPRECATED_OBJC_IMPLEMENTATIONS = YES;
				CLANG_WARN_DIRECT_OBJC_ISA_USAGE = YES_ERROR;
				CLANG_WARN_DOCUMENTATION_COMMENTS = YES;
				CLANG_WARN_EMPTY_BODY = YES;
				CLANG_WARN_ENUM_CONVERSION = YES;
				CLANG_WARN_INFINITE_RECURSION = YES;
				CLANG_WARN_INT_CONVERSION = YES;
				CLANG_WARN_NON_LITERAL_NULL_CONVERSION = YES;
				CLANG_WARN_OBJC_IMPLICIT_RETAIN_SELF = YES;
				CLANG_WARN_OBJC_LITERAL_CONVERSION = YES;
				CLANG_WARN_OBJC_ROOT_CLASS = YES_ERROR;
				CLANG_WARN_RANGE_LOOP_ANALYSIS = YES;
				CLANG_WARN_STRICT_PROTOTYPES = YES;
				CLANG_WARN_SUSPICIOUS_MOVE = YES;
				CLANG_WARN_UNGUARDED_AVAILABILITY = YES_AGGRESSIVE;
				CLANG_WARN_UNREACHABLE_CODE = YES;
				CLANG_WARN__DUPLICATE_METHOD_MATCH = YES;
				COPY_PHASE_STRIP = NO;
				DEBUG_INFORMATION_FORMAT = "dwarf-with-dsym";
				ENABLE_NS_ASSERTIONS = NO;
				ENABLE_STRICT_OBJC_MSGSEND = YES;
				GCC_C_LANGUAGE_STANDARD = gnu11;
				GCC_NO_COMMON_BLOCKS = YES;
				GCC_WARN_64_TO_32_BIT_CONVERSION = YES;
				GCC_WARN_ABOUT_RETURN_TYPE = YES_ERROR;
				GCC_WARN_UNDECLARED_SELECTOR = YES;
				GCC_WARN_UNINITIALIZED_AUTOS = YES_AGGRESSIVE;
				GCC_WARN_UNUSED_FUNCTION = YES;
				GCC_WARN_UNUSED_VARIABLE = YES;
				IPHONEOS_DEPLOYMENT_TARGET = 13.1;
				MTL_ENABLE_DEBUG_INFO = NO;
				MTL_FAST_MATH = YES;
				SDKROOT = iphoneos;
				SWIFT_COMPILATION_MODE = wholemodule;
				SWIFT_OPTIMIZATION_LEVEL = "-O";
				VALIDATE_PRODUCT = YES;
			};
			name = Release;
		};
		4747922E23BFB93000BA1A44 /* Debug */ = {
			isa = XCBuildConfiguration;
			baseConfigurationReference = A7FA5FBEB71E422C6EC7ED5F /* Pods-Todoey.debug.xcconfig */;
			buildSettings = {
				ASSETCATALOG_COMPILER_APPICON_NAME = AppIcon;
				CODE_SIGN_STYLE = Automatic;
				INFOPLIST_FILE = Todoey/Info.plist;
				LD_RUNPATH_SEARCH_PATHS = (
					"$(inherited)",
					"@executable_path/Frameworks",
				);
				PRODUCT_BUNDLE_IDENTIFIER = atik.Todoey;
				PRODUCT_NAME = "$(TARGET_NAME)";
				SWIFT_VERSION = 5.0;
				TARGETED_DEVICE_FAMILY = "1,2";
			};
			name = Debug;
		};
		4747922F23BFB93000BA1A44 /* Release */ = {
			isa = XCBuildConfiguration;
			baseConfigurationReference = BEAB8E57BC452EA04B514E25 /* Pods-Todoey.release.xcconfig */;
			buildSettings = {
				ASSETCATALOG_COMPILER_APPICON_NAME = AppIcon;
				CODE_SIGN_STYLE = Automatic;
				INFOPLIST_FILE = Todoey/Info.plist;
				LD_RUNPATH_SEARCH_PATHS = (
					"$(inherited)",
					"@executable_path/Frameworks",
				);
				PRODUCT_BUNDLE_IDENTIFIER = atik.Todoey;
				PRODUCT_NAME = "$(TARGET_NAME)";
				SWIFT_VERSION = 5.0;
				TARGETED_DEVICE_FAMILY = "1,2";
			};
			name = Release;
		};
/* End XCBuildConfiguration section */

/* Begin XCConfigurationList section */
		4747921423BFB92F00BA1A44 /* Build configuration list for PBXProject "Todoey" */ = {
			isa = XCConfigurationList;
			buildConfigurations = (
				4747922B23BFB93000BA1A44 /* Debug */,
				4747922C23BFB93000BA1A44 /* Release */,
			);
			defaultConfigurationIsVisible = 0;
			defaultConfigurationName = Release;
		};
		4747922D23BFB93000BA1A44 /* Build configuration list for PBXNativeTarget "Todoey" */ = {
			isa = XCConfigurationList;
			buildConfigurations = (
				4747922E23BFB93000BA1A44 /* Debug */,
				4747922F23BFB93000BA1A44 /* Release */,
			);
			defaultConfigurationIsVisible = 0;
			defaultConfigurationName = Release;
		};
/* End XCConfigurationList section */
	};
	rootObject = 4747921123BFB92F00BA1A44 /* Project object */;
}
